
Microsoft Visual Studio Solution File, Format Version 12.00
# Visual Studio 14
VisualStudioVersion = 14.0.25420.1
MinimumVisualStudioVersion = 10.0.40219.1
Project("{FAE04EC0-301F-11D3-BF4B-00C04F79EFBC}") = "LabAspMVC.Application", "LabAspMVC.Application\LabAspMVC.Application.csproj", "{11EE075B-941F-4BF5-8B08-A898537809D5}"
EndProject
Project("{FAE04EC0-301F-11D3-BF4B-00C04F79EFBC}") = "LabAspMVC.Application.Tests", "LabAspMVC.Application.Tests\LabAspMVC.Application.Tests.csproj", "{58CEE294-B4FA-4D84-9106-E2ECAEAD5F49}"
EndProject
Project("{FAE04EC0-301F-11D3-BF4B-00C04F79EFBC}") = "LabAspMVC.Dominio", "LabAspMVC.Dominio\LabAspMVC.Dominio.csproj", "{A44F2BD9-4DD2-4808-AB94-E24E08B103BA}"
EndProject
Global
	GlobalSection(SolutionConfigurationPlatforms) = preSolution
		Debug|Any CPU = Debug|Any CPU
		Release|Any CPU = Release|Any CPU
	EndGlobalSection
	GlobalSection(ProjectConfigurationPlatforms) = postSolution
		{11EE075B-941F-4BF5-8B08-A898537809D5}.Debug|Any CPU.ActiveCfg = Debug|Any CPU
		{11EE075B-941F-4BF5-8B08-A898537809D5}.Debug|Any CPU.Build.0 = Debug|Any CPU
		{11EE075B-941F-4BF5-8B08-A898537809D5}.Release|Any CPU.ActiveCfg = Release|Any CPU
		{11EE075B-941F-4BF5-8B08-A898537809D5}.Release|Any CPU.Build.0 = Release|Any CPU
		{58CEE294-B4FA-4D84-9106-E2ECAEAD5F49}.Debug|Any CPU.ActiveCfg = Debug|Any CPU
		{58CEE294-B4FA-4D84-9106-E2ECAEAD5F49}.Debug|Any CPU.Build.0 = Debug|Any CPU
		{58CEE294-B4FA-4D84-9106-E2ECAEAD5F49}.Release|Any CPU.ActiveCfg = Release|Any CPU
		{58CEE294-B4FA-4D84-9106-E2ECAEAD5F49}.Release|Any CPU.Build.0 = Release|Any CPU
		{A44F2BD9-4DD2-4808-AB94-E24E08B103BA}.Debug|Any CPU.ActiveCfg = Debug|Any CPU
		{A44F2BD9-4DD2-4808-AB94-E24E08B103BA}.Debug|Any CPU.Build.0 = Debug|Any CPU
		{A44F2BD9-4DD2-4808-AB94-E24E08B103BA}.Release|Any CPU.ActiveCfg = Release|Any CPU
		{A44F2BD9-4DD2-4808-AB94-E24E08B103BA}.Release|Any CPU.Build.0 = Release|Any CPU
	EndGlobalSection
	GlobalSection(SolutionProperties) = preSolution
		HideSolutionNode = FALSE
	EndGlobalSection
EndGlobal
